
Microsoft Visual Studio Solution File, Format Version 12.00
# Visual Studio 2012
Project("{FAE04EC0-301F-11D3-BF4B-00C04F79EFBC}") = "TicTacToe.AcceptanceTests", "TicTacToe.UI.Consol.AcceptanceTests\TicTacToe.AcceptanceTests.csproj", "{86EF5E50-3993-4786-9C1F-A180BAC1D174}"
EndProject
Project("{2150E333-8FDC-42A3-9474-1A3956D46DE8}") = "Tests", "Tests", "{AB56F5D5-30DD-4326-927C-9283458177E8}"
EndProject
Project("{FAE04EC0-301F-11D3-BF4B-00C04F79EFBC}") = "TicTacToe.UnitTests", "TicTacToe.UI.Console.UnitTests\TicTacToe.UnitTests.csproj", "{5BD7FD6F-1756-4D40-84DF-5C3413EB4980}"
EndProject
Project("{FAE04EC0-301F-11D3-BF4B-00C04F79EFBC}") = "TicTacToe", "TicTacToe\TicTacToe.csproj", "{3ADAB7AC-4471-4D8B-963F-2489D908BAD8}"
EndProject
Global
	GlobalSection(TeamFoundationVersionControl) = preSolution
		SccNumberOfProjects = 4
		SccEnterpriseProvider = {4CA58AB2-18FA-4F8D-95D4-32DDF27D184C}
		SccTeamFoundationServer = https://olivier-puech.visualstudio.com/defaultcollection
		SccLocalPath0 = .
		SccProjectUniqueName1 = TicTacToe.UI.Consol.AcceptanceTests\\TicTacToe.AcceptanceTests.csproj
		SccProjectTopLevelParentUniqueName1 = TicTacToe.sln
		SccProjectName1 = TicTacToe.UI.Consol.AcceptanceTests
		SccLocalPath1 = TicTacToe.UI.Consol.AcceptanceTests
		SccProjectUniqueName2 = TicTacToe\\TicTacToe.csproj
		SccProjectName2 = TicTacToe
		SccLocalPath2 = TicTacToe
		SccProjectUniqueName3 = TicTacToe.UI.Console.UnitTests\\TicTacToe.UnitTests.csproj
		SccProjectTopLevelParentUniqueName3 = TicTacToe.sln
		SccProjectName3 = TicTacToe.UI.Console.UnitTests
		SccLocalPath3 = TicTacToe.UI.Console.UnitTests
	EndGlobalSection
	GlobalSection(SolutionConfigurationPlatforms) = preSolution
		Debug|Any CPU = Debug|Any CPU
		Release|Any CPU = Release|Any CPU
	EndGlobalSection
	GlobalSection(ProjectConfigurationPlatforms) = postSolution
		{86EF5E50-3993-4786-9C1F-A180BAC1D174}.Debug|Any CPU.ActiveCfg = Debug|Any CPU
		{86EF5E50-3993-4786-9C1F-A180BAC1D174}.Debug|Any CPU.Build.0 = Debug|Any CPU
		{86EF5E50-3993-4786-9C1F-A180BAC1D174}.Release|Any CPU.ActiveCfg = Release|Any CPU
		{86EF5E50-3993-4786-9C1F-A180BAC1D174}.Release|Any CPU.Build.0 = Release|Any CPU
		{5BD7FD6F-1756-4D40-84DF-5C3413EB4980}.Debug|Any CPU.ActiveCfg = Debug|Any CPU
		{5BD7FD6F-1756-4D40-84DF-5C3413EB4980}.Debug|Any CPU.Build.0 = Debug|Any CPU
		{5BD7FD6F-1756-4D40-84DF-5C3413EB4980}.Release|Any CPU.ActiveCfg = Release|Any CPU
		{5BD7FD6F-1756-4D40-84DF-5C3413EB4980}.Release|Any CPU.Build.0 = Release|Any CPU
		{3ADAB7AC-4471-4D8B-963F-2489D908BAD8}.Debug|Any CPU.ActiveCfg = Debug|Any CPU
		{3ADAB7AC-4471-4D8B-963F-2489D908BAD8}.Debug|Any CPU.Build.0 = Debug|Any CPU
		{3ADAB7AC-4471-4D8B-963F-2489D908BAD8}.Release|Any CPU.ActiveCfg = Release|Any CPU
		{3ADAB7AC-4471-4D8B-963F-2489D908BAD8}.Release|Any CPU.Build.0 = Release|Any CPU
	EndGlobalSection
	GlobalSection(SolutionProperties) = preSolution
		HideSolutionNode = FALSE
	EndGlobalSection
	GlobalSection(NestedProjects) = preSolution
		{86EF5E50-3993-4786-9C1F-A180BAC1D174} = {AB56F5D5-30DD-4326-927C-9283458177E8}
		{5BD7FD6F-1756-4D40-84DF-5C3413EB4980} = {AB56F5D5-30DD-4326-927C-9283458177E8}
	EndGlobalSection
EndGlobal
